// !$*UTF8*$!
{
	archiveVersion = 1;
	classes = {
	};
	objectVersion = 63;
	objects = {

/* Begin PBXBuildFile section */
		163A92052A346D13396F1C8A /* ContentView.swift in Sources */ = {isa = PBXBuildFile; fileRef = 6F6FDEA04CB089C478ED8537 /* ContentView.swift */; };
		16A97E52FCAC9973D4AE01DE /* README.zh-CN.md in Resources */ = {isa = PBXBuildFile; fileRef = 7C6E74EE377490C89D27BFEC /* README.zh-CN.md */; };
		18324000B2A875E3CF6CA34B /* Contents.json in Resources */ = {isa = PBXBuildFile; fileRef = 39EF35A2C8B045565B6BBC08 /* Contents.json */; };
		1BF0E444B3F5C72915D5EF2B /* LiquidGlassTheme.swift in Sources */ = {isa = PBXBuildFile; fileRef = 2CC500B3405617C6E1CA475A /* LiquidGlassTheme.swift */; };
		24490B0751F27613EB117EF4 /* SettingsView.swift in Sources */ = {isa = PBXBuildFile; fileRef = E93940938212E1BF1AB6EC5C /* SettingsView.swift */; };
		2C9E086BB9AE103FABB525FE /* AIAssistantView.swift in Sources */ = {isa = PBXBuildFile; fileRef = 9EC098C04888C897CAAFA50D /* AIAssistantView.swift */; };
		30B6F446A7F7E8F759CCFFC3 /* MemoIntents.swift in Sources */ = {isa = PBXBuildFile; fileRef = D13B7CD8212B75F39CBE2F08 /* MemoIntents.swift */; };
		3C911955D9895E401751994F /* Localizable.xcstrings in Resources */ = {isa = PBXBuildFile; fileRef = 5D016954967CA1EEEDF3F6AA /* Localizable.xcstrings */; };
		58D594D86F5BE719EFBB1085 /* Memo.swift in Sources */ = {isa = PBXBuildFile; fileRef = BAE9CA18A83DAA3CE0A8EDEF /* Memo.swift */; };
		775A783B8008711A44273842 /* EssaysApp.swift in Sources */ = {isa = PBXBuildFile; fileRef = 6CA9301830302B51C3E51CA6 /* EssaysApp.swift */; };
		811D1F06BDAA9F7115189598 /* ComposeMemoView.swift in Sources */ = {isa = PBXBuildFile; fileRef = E25B4C7EE452D18D1387F4F6 /* ComposeMemoView.swift */; };
		8677D1FEA4540B3D090418FE /* SidebarView.swift in Sources */ = {isa = PBXBuildFile; fileRef = E7F4BD68E38C0B28F4DFF22F /* SidebarView.swift */; };
		867F4CEA611C1F44B42FE3AD /* MemoListView.swift in Sources */ = {isa = PBXBuildFile; fileRef = BEDD84BF1F8BBC7DAFB948E1 /* MemoListView.swift */; };
		908B716C59B328148A974B22 /* README.md in Resources */ = {isa = PBXBuildFile; fileRef = 6F6642805D98E35FB30A7CAF /* README.md */; };
		92B44AEB49801F0C2D758387 /* MemosAPIClient.swift in Sources */ = {isa = PBXBuildFile; fileRef = AF8734725BB05CBE9EC20220 /* MemosAPIClient.swift */; };
		B31EDD443ABA885FD4965A16 /* LoginView.swift in Sources */ = {isa = PBXBuildFile; fileRef = 823235ECCA14484A2F3DE6D3 /* LoginView.swift */; };
		B32D1E216817F6D99D22E082 /* MarkdownView.swift in Sources */ = {isa = PBXBuildFile; fileRef = 80FD130FF8422FCD4EDD7D8D /* MarkdownView.swift */; };
		C061B8EA3D03BB755DE12E61 /* AppState.swift in Sources */ = {isa = PBXBuildFile; fileRef = 65E3A3819D06F7FF19F06E98 /* AppState.swift */; };
		C63A087C073E4626EA682244 /* MemosAIAssistant.swift in Sources */ = {isa = PBXBuildFile; fileRef = 9DA9B5EAB903C5CB49DAEB5C /* MemosAIAssistant.swift */; };
		CC9E79E9BD43444B4B361BBC /* Essays.xcodeproj in Resources */ = {isa = PBXBuildFile; fileRef = C79BAA2BC4B0B872DD2AC87F /* Essays.xcodeproj */; };
/* End PBXBuildFile section */

/* Begin PBXFileReference section */
		2CC500B3405617C6E1CA475A /* LiquidGlassTheme.swift */ = {isa = PBXFileReference; lastKnownFileType = sourcecode.swift; path = LiquidGlassTheme.swift; sourceTree = "<group>"; };
		39EF35A2C8B045565B6BBC08 /* Contents.json */ = {isa = PBXFileReference; lastKnownFileType = text.json; path = Contents.json; sourceTree = "<group>"; };
		5D016954967CA1EEEDF3F6AA /* Localizable.xcstrings */ = {isa = PBXFileReference; lastKnownFileType = text.json.xcstrings; path = Localizable.xcstrings; sourceTree = "<group>"; };
		65E3A3819D06F7FF19F06E98 /* AppState.swift */ = {isa = PBXFileReference; lastKnownFileType = sourcecode.swift; path = AppState.swift; sourceTree = "<group>"; };
		6CA9301830302B51C3E51CA6 /* EssaysApp.swift */ = {isa = PBXFileReference; lastKnownFileType = sourcecode.swift; path = EssaysApp.swift; sourceTree = "<group>"; };
		6F6642805D98E35FB30A7CAF /* README.md */ = {isa = PBXFileReference; lastKnownFileType = net.daringfireball.markdown; path = README.md; sourceTree = "<group>"; };
		6F6FDEA04CB089C478ED8537 /* ContentView.swift */ = {isa = PBXFileReference; lastKnownFileType = sourcecode.swift; path = ContentView.swift; sourceTree = "<group>"; };
		7C6E74EE377490C89D27BFEC /* README.zh-CN.md */ = {isa = PBXFileReference; lastKnownFileType = net.daringfireball.markdown; path = "README.zh-CN.md"; sourceTree = "<group>"; };
		7D823B0D02A300C056E84A26 /* Info.plist */ = {isa = PBXFileReference; lastKnownFileType = text.plist; path = Info.plist; sourceTree = "<group>"; };
		80FD130FF8422FCD4EDD7D8D /* MarkdownView.swift */ = {isa = PBXFileReference; lastKnownFileType = sourcecode.swift; path = MarkdownView.swift; sourceTree = "<group>"; };
		823235ECCA14484A2F3DE6D3 /* LoginView.swift */ = {isa = PBXFileReference; lastKnownFileType = sourcecode.swift; path = LoginView.swift; sourceTree = "<group>"; };
		91CAEF961B090E21F08362C4 /* LICENSE */ = {isa = PBXFileReference; lastKnownFileType = text; path = LICENSE; sourceTree = "<group>"; };
		9DA9B5EAB903C5CB49DAEB5C /* MemosAIAssistant.swift */ = {isa = PBXFileReference; lastKnownFileType = sourcecode.swift; path = MemosAIAssistant.swift; sourceTree = "<group>"; };
		9EC098C04888C897CAAFA50D /* AIAssistantView.swift */ = {isa = PBXFileReference; lastKnownFileType = sourcecode.swift; path = AIAssistantView.swift; sourceTree = "<group>"; };
		AD115942F26FCA7C48BE3123 /* Essays.entitlements */ = {isa = PBXFileReference; lastKnownFileType = text.plist.entitlements; path = Essays.entitlements; sourceTree = "<group>"; };
		AF8734725BB05CBE9EC20220 /* MemosAPIClient.swift */ = {isa = PBXFileReference; lastKnownFileType = sourcecode.swift; path = MemosAPIClient.swift; sourceTree = "<group>"; };
		BAE9CA18A83DAA3CE0A8EDEF /* Memo.swift */ = {isa = PBXFileReference; lastKnownFileType = sourcecode.swift; path = Memo.swift; sourceTree = "<group>"; };
		BEDD84BF1F8BBC7DAFB948E1 /* MemoListView.swift */ = {isa = PBXFileReference; lastKnownFileType = sourcecode.swift; path = MemoListView.swift; sourceTree = "<group>"; };
		C79BAA2BC4B0B872DD2AC87F /* Essays.xcodeproj */ = {isa = PBXFileReference; lastKnownFileType = "wrapper.pb-project"; path = Essays.xcodeproj; sourceTree = "<group>"; };
		D13B7CD8212B75F39CBE2F08 /* MemoIntents.swift */ = {isa = PBXFileReference; lastKnownFileType = sourcecode.swift; path = MemoIntents.swift; sourceTree = "<group>"; };
		E25B4C7EE452D18D1387F4F6 /* ComposeMemoView.swift */ = {isa = PBXFileReference; lastKnownFileType = sourcecode.swift; path = ComposeMemoView.swift; sourceTree = "<group>"; };
		E7F4BD68E38C0B28F4DFF22F /* SidebarView.swift */ = {isa = PBXFileReference; lastKnownFileType = sourcecode.swift; path = SidebarView.swift; sourceTree = "<group>"; };
		E93940938212E1BF1AB6EC5C /* SettingsView.swift */ = {isa = PBXFileReference; lastKnownFileType = sourcecode.swift; path = SettingsView.swift; sourceTree = "<group>"; };
		E9CBD6302BEFD9BFDEBED439 /* Essays.app */ = {isa = PBXFileReference; explicitFileType = wrapper.application; includeInIndex = 0; path = Essays.app; sourceTree = BUILT_PRODUCTS_DIR; };
/* End PBXFileReference section */

/* Begin PBXGroup section */
		0424A20FE956B03D01E1FE8E /* ViewModels */ = {
			isa = PBXGroup;
			children = (
			);
			path = ViewModels;
			sourceTree = "<group>";
		};
		042916A221A82642EE2BED1E /* AppIcon.appiconset */ = {
			isa = PBXGroup;
			children = (
				39EF35A2C8B045565B6BBC08 /* Contents.json */,
			);
			path = AppIcon.appiconset;
			sourceTree = "<group>";
		};
		1049C8B4FDA002742EA1E336 /* Components */ = {
			isa = PBXGroup;
			children = (
				80FD130FF8422FCD4EDD7D8D /* MarkdownView.swift */,
			);
			path = Components;
			sourceTree = "<group>";
		};
		26458AA7F12947F0E6D3334D /* Essays */ = {
			isa = PBXGroup;
			children = (
				C79BAA2BC4B0B872DD2AC87F /* Essays.xcodeproj */,
				6CA9301830302B51C3E51CA6 /* EssaysApp.swift */,
				7D823B0D02A300C056E84A26 /* Info.plist */,
				91CAEF961B090E21F08362C4 /* LICENSE */,
				6F6642805D98E35FB30A7CAF /* README.md */,
				7C6E74EE377490C89D27BFEC /* README.zh-CN.md */,
			);
			name = Essays;
			path = .;
			sourceTree = "<group>";
		};
		2FFBCB8FB9D95BDA98F1755B /* Products */ = {
			isa = PBXGroup;
			children = (
				E9CBD6302BEFD9BFDEBED439 /* Essays.app */,
			);
			name = Products;
			sourceTree = "<group>";
		};
		7737C65FB411C3842BDDAB65 = {
			isa = PBXGroup;
			children = (
				26458AA7F12947F0E6D3334D /* Essays */,
				F56FAF25010CF0263EEB17BA /* Models */,
				B0CC0F0AC254B145B6E2C53E /* Resources */,
				BB107D07720D31AA0A3EF8FC /* Services */,
				7C45BE11A828707297F3600B /* Theme */,
				F6D54A02621E77C00B10105B /* Utilities */,
				0424A20FE956B03D01E1FE8E /* ViewModels */,
				7B46E9CEC335CC1E92DA3BDC /* Views */,
				2FFBCB8FB9D95BDA98F1755B /* Products */,
			);
			sourceTree = "<group>";
		};
		7B026C12F6282F8CF328F927 /* Settings */ = {
			isa = PBXGroup;
			children = (
				E93940938212E1BF1AB6EC5C /* SettingsView.swift */,
			);
			path = Settings;
			sourceTree = "<group>";
		};
		7B46E9CEC335CC1E92DA3BDC /* Views */ = {
			isa = PBXGroup;
			children = (
				9EC098C04888C897CAAFA50D /* AIAssistantView.swift */,
				E25B4C7EE452D18D1387F4F6 /* ComposeMemoView.swift */,
				6F6FDEA04CB089C478ED8537 /* ContentView.swift */,
				823235ECCA14484A2F3DE6D3 /* LoginView.swift */,
				BEDD84BF1F8BBC7DAFB948E1 /* MemoListView.swift */,
				E7F4BD68E38C0B28F4DFF22F /* SidebarView.swift */,
				1049C8B4FDA002742EA1E336 /* Components */,
				7B026C12F6282F8CF328F927 /* Settings */,
			);
			path = Views;
			sourceTree = "<group>";
		};
		7C45BE11A828707297F3600B /* Theme */ = {
			isa = PBXGroup;
			children = (
				2CC500B3405617C6E1CA475A /* LiquidGlassTheme.swift */,
			);
			path = Theme;
			sourceTree = "<group>";
		};
		AA0C04FA2F4E5C50000B83FE /* Products */ = {
			isa = PBXGroup;
			name = Products;
			sourceTree = "<group>";
		};
		B0CC0F0AC254B145B6E2C53E /* Resources */ = {
			isa = PBXGroup;
			children = (
				AD115942F26FCA7C48BE3123 /* Essays.entitlements */,
				5D016954967CA1EEEDF3F6AA /* Localizable.xcstrings */,
				042916A221A82642EE2BED1E /* AppIcon.appiconset */,
			);
			path = Resources;
			sourceTree = "<group>";
		};
		BB107D07720D31AA0A3EF8FC /* Services */ = {
			isa = PBXGroup;
			children = (
				D13B7CD8212B75F39CBE2F08 /* MemoIntents.swift */,
				9DA9B5EAB903C5CB49DAEB5C /* MemosAIAssistant.swift */,
				AF8734725BB05CBE9EC20220 /* MemosAPIClient.swift */,
			);
			path = Services;
			sourceTree = "<group>";
		};
		F56FAF25010CF0263EEB17BA /* Models */ = {
			isa = PBXGroup;
			children = (
				65E3A3819D06F7FF19F06E98 /* AppState.swift */,
				BAE9CA18A83DAA3CE0A8EDEF /* Memo.swift */,
			);
			path = Models;
			sourceTree = "<group>";
		};
		F6D54A02621E77C00B10105B /* Utilities */ = {
			isa = PBXGroup;
			children = (
			);
			path = Utilities;
			sourceTree = "<group>";
		};
/* End PBXGroup section */

/* Begin PBXNativeTarget section */
		38887D209AE7792E50374D21 /* Essays */ = {
			isa = PBXNativeTarget;
			buildConfigurationList = 1C1F0B9121B8B154F2899166 /* Build configuration list for PBXNativeTarget "Essays" */;
			buildPhases = (
				223C1E7707A2668080DE3C6C /* Sources */,
				758197E8687FC9AB14FF3960 /* Resources */,
			);
			buildRules = (
			);
			dependencies = (
			);
			name = Essays;
			packageProductDependencies = (
			);
			productName = Essays;
			productReference = E9CBD6302BEFD9BFDEBED439 /* Essays.app */;
			productType = "com.apple.product-type.application";
		};
/* End PBXNativeTarget section */

/* Begin PBXProject section */
		EA8755F722DF3B04566559A0 /* Project object */ = {
			isa = PBXProject;
			attributes = {
				BuildIndependentTargetsInParallel = YES;
				LastUpgradeCheck = 1600;
			};
			buildConfigurationList = EABB264B6E06CE35F695C568 /* Build configuration list for PBXProject "Essays" */;
			compatibilityVersion = "Xcode 14.0";
			developmentRegion = en;
			hasScannedForEncodings = 0;
			knownRegions = (
				Base,
				en,
				"zh-Hans",
			);
			mainGroup = 7737C65FB411C3842BDDAB65;
			minimizedProjectReferenceProxies = 1;
			projectDirPath = "";
			projectReferences = (
				{
					ProductGroup = AA0C04FA2F4E5C50000B83FE /* Products */;
					ProjectRef = C79BAA2BC4B0B872DD2AC87F /* Essays.xcodeproj */;
				},
			);
			projectRoot = "";
			targets = (
				38887D209AE7792E50374D21 /* Essays */,
			);
		};
/* End PBXProject section */

/* Begin PBXResourcesBuildPhase section */
		758197E8687FC9AB14FF3960 /* Resources */ = {
			isa = PBXResourcesBuildPhase;
			buildActionMask = 2147483647;
			files = (
				18324000B2A875E3CF6CA34B /* Contents.json in Resources */,
				CC9E79E9BD43444B4B361BBC /* Essays.xcodeproj in Resources */,
				3C911955D9895E401751994F /* Localizable.xcstrings in Resources */,
				908B716C59B328148A974B22 /* README.md in Resources */,
				16A97E52FCAC9973D4AE01DE /* README.zh-CN.md in Resources */,
			);
			runOnlyForDeploymentPostprocessing = 0;
		};
/* End PBXResourcesBuildPhase section */

/* Begin PBXSourcesBuildPhase section */
		223C1E7707A2668080DE3C6C /* Sources */ = {
			isa = PBXSourcesBuildPhase;
			buildActionMask = 2147483647;
			files = (
				2C9E086BB9AE103FABB525FE /* AIAssistantView.swift in Sources */,
				C061B8EA3D03BB755DE12E61 /* AppState.swift in Sources */,
				811D1F06BDAA9F7115189598 /* ComposeMemoView.swift in Sources */,
				163A92052A346D13396F1C8A /* ContentView.swift in Sources */,
				775A783B8008711A44273842 /* EssaysApp.swift in Sources */,
				1BF0E444B3F5C72915D5EF2B /* LiquidGlassTheme.swift in Sources */,
				B31EDD443ABA885FD4965A16 /* LoginView.swift in Sources */,
				B32D1E216817F6D99D22E082 /* MarkdownView.swift in Sources */,
				58D594D86F5BE719EFBB1085 /* Memo.swift in Sources */,
				30B6F446A7F7E8F759CCFFC3 /* MemoIntents.swift in Sources */,
				867F4CEA611C1F44B42FE3AD /* MemoListView.swift in Sources */,
				C63A087C073E4626EA682244 /* MemosAIAssistant.swift in Sources */,
				92B44AEB49801F0C2D758387 /* MemosAPIClient.swift in Sources */,
				24490B0751F27613EB117EF4 /* SettingsView.swift in Sources */,
				8677D1FEA4540B3D090418FE /* SidebarView.swift in Sources */,
			);
			runOnlyForDeploymentPostprocessing = 0;
		};
/* End PBXSourcesBuildPhase section */

/* Begin XCBuildConfiguration section */
		0857EB5EEEFD6E1CCE887FC3 /* Debug */ = {
			isa = XCBuildConfiguration;
			buildSettings = {
				ALWAYS_SEARCH_USER_PATHS = NO;
				CLANG_ANALYZER_NONNULL = YES;
				CLANG_ANALYZER_NUMBER_OBJECT_CONVERSION = YES_AGGRESSIVE;
				CLANG_CXX_LANGUAGE_STANDARD = "gnu++14";
				CLANG_CXX_LIBRARY = "libc++";
				CLANG_ENABLE_MODULES = YES;
				CLANG_ENABLE_OBJC_ARC = YES;
				CLANG_ENABLE_OBJC_WEAK = YES;
				CLANG_WARN_BLOCK_CAPTURE_AUTORELEASING = YES;
				CLANG_WARN_BOOL_CONVERSION = YES;
				CLANG_WARN_COMMA = YES;
				CLANG_WARN_CONSTANT_CONVERSION = YES;
				CLANG_WARN_DEPRECATED_OBJC_IMPLEMENTATIONS = YES;
				CLANG_WARN_DIRECT_OBJC_ISA_USAGE = YES_ERROR;
				CLANG_WARN_DOCUMENTATION_COMMENTS = YES;
				CLANG_WARN_EMPTY_BODY = YES;
				CLANG_WARN_ENUM_CONVERSION = YES;
				CLANG_WARN_INFINITE_RECURSION = YES;
				CLANG_WARN_INT_CONVERSION = YES;
				CLANG_WARN_NON_LITERAL_NULL_CONVERSION = YES;
				CLANG_WARN_OBJC_IMPLICIT_RETAIN_SELF = YES;
				CLANG_WARN_OBJC_LITERAL_CONVERSION = YES;
				CLANG_WARN_OBJC_ROOT_CLASS = YES_ERROR;
				CLANG_WARN_QUOTED_INCLUDE_IN_FRAMEWORK_HEADER = YES;
				CLANG_WARN_RANGE_LOOP_ANALYSIS = YES;
				CLANG_WARN_STRICT_PROTOTYPES = YES;
				CLANG_WARN_SUSPICIOUS_MOVE = YES;
				CLANG_WARN_UNGUARDED_AVAILABILITY = YES_AGGRESSIVE;
				CLANG_WARN_UNREACHABLE_CODE = YES;
				CLANG_WARN__DUPLICATE_METHOD_MATCH = YES;
				COPY_PHASE_STRIP = NO;
				DEBUG_INFORMATION_FORMAT = dwarf;
				ENABLE_STRICT_OBJC_MSGSEND = YES;
				ENABLE_TESTABILITY = YES;
				GCC_C_LANGUAGE_STANDARD = gnu11;
				GCC_DYNAMIC_NO_PIC = NO;
				GCC_NO_COMMON_BLOCKS = YES;
				GCC_OPTIMIZATION_LEVEL = 0;
				GCC_PREPROCESSOR_DEFINITIONS = (
					"$(inherited)",
					"DEBUG=1",
				);
				GCC_WARN_64_TO_32_BIT_CONVERSION = YES;
				GCC_WARN_ABOUT_RETURN_TYPE = YES_ERROR;
				GCC_WARN_UNDECLARED_SELECTOR = YES;
				GCC_WARN_UNINITIALIZED_AUTOS = YES_AGGRESSIVE;
				GCC_WARN_UNUSED_FUNCTION = YES;
				GCC_WARN_UNUSED_VARIABLE = YES;
				MACOSX_DEPLOYMENT_TARGET = 26.0;
				MTL_ENABLE_DEBUG_INFO = INCLUDE_SOURCE;
				MTL_FAST_MATH = YES;
				ONLY_ACTIVE_ARCH = YES;
				PRODUCT_NAME = "$(TARGET_NAME)";
				SDKROOT = macosx;
				SWIFT_ACTIVE_COMPILATION_CONDITIONS = DEBUG;
				SWIFT_OPTIMIZATION_LEVEL = "-Onone";
				SWIFT_VERSION = 5.0;
			};
			name = Debug;
		};
		3439D4E0069B004F5AE05FFC /* Release */ = {
			isa = XCBuildConfiguration;
			buildSettings = {
				ALWAYS_SEARCH_USER_PATHS = NO;
				CLANG_ANALYZER_NONNULL = YES;
				CLANG_ANALYZER_NUMBER_OBJECT_CONVERSION = YES_AGGRESSIVE;
				CLANG_CXX_LANGUAGE_STANDARD = "gnu++14";
				CLANG_CXX_LIBRARY = "libc++";
				CLANG_ENABLE_MODULES = YES;
				CLANG_ENABLE_OBJC_ARC = YES;
				CLANG_ENABLE_OBJC_WEAK = YES;
				CLANG_WARN_BLOCK_CAPTURE_AUTORELEASING = YES;
				CLANG_WARN_BOOL_CONVERSION = YES;
				CLANG_WARN_COMMA = YES;
				CLANG_WARN_CONSTANT_CONVERSION = YES;
				CLANG_WARN_DEPRECATED_OBJC_IMPLEMENTATIONS = YES;
				CLANG_WARN_DIRECT_OBJC_ISA_USAGE = YES_ERROR;
				CLANG_WARN_DOCUMENTATION_COMMENTS = YES;
				CLANG_WARN_EMPTY_BODY = YES;
				CLANG_WARN_ENUM_CONVERSION = YES;
				CLANG_WARN_INFINITE_RECURSION = YES;
				CLANG_WARN_INT_CONVERSION = YES;
				CLANG_WARN_NON_LITERAL_NULL_CONVERSION = YES;
				CLANG_WARN_OBJC_IMPLICIT_RETAIN_SELF = YES;
				CLANG_WARN_OBJC_LITERAL_CONVERSION = YES;
				CLANG_WARN_OBJC_ROOT_CLASS = YES_ERROR;
				CLANG_WARN_QUOTED_INCLUDE_IN_FRAMEWORK_HEADER = YES;
				CLANG_WARN_RANGE_LOOP_ANALYSIS = YES;
				CLANG_WARN_STRICT_PROTOTYPES = YES;
				CLANG_WARN_SUSPICIOUS_MOVE = YES;
				CLANG_WARN_UNGUARDED_AVAILABILITY = YES_AGGRESSIVE;
				CLANG_WARN_UNREACHABLE_CODE = YES;
				CLANG_WARN__DUPLICATE_METHOD_MATCH = YES;
				COPY_PHASE_STRIP = NO;
				DEBUG_INFORMATION_FORMAT = "dwarf-with-dsym";
				ENABLE_NS_ASSERTIONS = NO;
				ENABLE_STRICT_OBJC_MSGSEND = YES;
				GCC_C_LANGUAGE_STANDARD = gnu11;
				GCC_NO_COMMON_BLOCKS = YES;
				GCC_WARN_64_TO_32_BIT_CONVERSION = YES;
				GCC_WARN_ABOUT_RETURN_TYPE = YES_ERROR;
				GCC_WARN_UNDECLARED_SELECTOR = YES;
				GCC_WARN_UNINITIALIZED_AUTOS = YES_AGGRESSIVE;
				GCC_WARN_UNUSED_FUNCTION = YES;
				GCC_WARN_UNUSED_VARIABLE = YES;
				MACOSX_DEPLOYMENT_TARGET = 26.0;
				MTL_ENABLE_DEBUG_INFO = NO;
				MTL_FAST_MATH = YES;
				PRODUCT_NAME = "$(TARGET_NAME)";
				SDKROOT = macosx;
				SWIFT_COMPILATION_MODE = wholemodule;
				SWIFT_OPTIMIZATION_LEVEL = "-O";
				SWIFT_VERSION = 5.0;
			};
			name = Release;
		};
		730712D8AA6BFA734E5DA21A /* Release */ = {
			isa = XCBuildConfiguration;
			buildSettings = {
				ASSETCATALOG_COMPILER_APPICON_NAME = AppIcon;
				CODE_SIGN_ENTITLEMENTS = Resources/Essays.entitlements;
				COMBINE_HIDPI_IMAGES = YES;
				ENABLE_HARDENED_RUNTIME = YES;
				INFOPLIST_FILE = Info.plist;
				LD_RUNPATH_SEARCH_PATHS = (
					"$(inherited)",
					"@executable_path/../Frameworks",
				);
				PRODUCT_BUNDLE_IDENTIFIER = com.essays.app;
				PRODUCT_NAME = Essays;
				SDKROOT = macosx;
			};
			name = Release;
		};
		8F86E9F9A8C4620B49FFC123 /* Debug */ = {
			isa = XCBuildConfiguration;
			buildSettings = {
				ASSETCATALOG_COMPILER_APPICON_NAME = AppIcon;
				CODE_SIGN_ENTITLEMENTS = Resources/Essays.entitlements;
				COMBINE_HIDPI_IMAGES = YES;
				ENABLE_HARDENED_RUNTIME = YES;
				INFOPLIST_FILE = Info.plist;
				LD_RUNPATH_SEARCH_PATHS = (
					"$(inherited)",
					"@executable_path/../Frameworks",
				);
				PRODUCT_BUNDLE_IDENTIFIER = com.essays.app;
				PRODUCT_NAME = Essays;
				SDKROOT = macosx;
			};
			name = Debug;
		};
/* End XCBuildConfiguration section */

/* Begin XCConfigurationList section */
		1C1F0B9121B8B154F2899166 /* Build configuration list for PBXNativeTarget "Essays" */ = {
			isa = XCConfigurationList;
			buildConfigurations = (
				8F86E9F9A8C4620B49FFC123 /* Debug */,
				730712D8AA6BFA734E5DA21A /* Release */,
			);
			defaultConfigurationIsVisible = 0;
			defaultConfigurationName = Release;
		};
		EABB264B6E06CE35F695C568 /* Build configuration list for PBXProject "Essays" */ = {
			isa = XCConfigurationList;
			buildConfigurations = (
				0857EB5EEEFD6E1CCE887FC3 /* Debug */,
				3439D4E0069B004F5AE05FFC /* Release */,
			);
			defaultConfigurationIsVisible = 0;
			defaultConfigurationName = Release;
		};
/* End XCConfigurationList section */
	};
	rootObject = EA8755F722DF3B04566559A0 /* Project object */;
}
